
Microsoft Visual Studio Solution File, Format Version 12.00
# Visual Studio 15
VisualStudioVersion = 15.0.27130.2010
MinimumVisualStudioVersion = 10.0.40219.1
Project("{FAE04EC0-301F-11D3-BF4B-00C04F79EFBC}") = "Week7", "Week7\Week7.csproj", "{5FD7A372-ACB9-4A3B-B63B-62A39B4B3F1A}"
EndProject
Global
	GlobalSection(SolutionConfigurationPlatforms) = preSolution
		Debug|Any CPU = Debug|Any CPU
		Release|Any CPU = Release|Any CPU
	EndGlobalSection
	GlobalSection(ProjectConfigurationPlatforms) = postSolution
		{5FD7A372-ACB9-4A3B-B63B-62A39B4B3F1A}.Debug|Any CPU.ActiveCfg = Debug|Any CPU
		{5FD7A372-ACB9-4A3B-B63B-62A39B4B3F1A}.Debug|Any CPU.Build.0 = Debug|Any CPU
		{5FD7A372-ACB9-4A3B-B63B-62A39B4B3F1A}.Release|Any CPU.ActiveCfg = Release|Any CPU
		{5FD7A372-ACB9-4A3B-B63B-62A39B4B3F1A}.Release|Any CPU.Build.0 = Release|Any CPU
	EndGlobalSection
	GlobalSection(SolutionProperties) = preSolution
		HideSolutionNode = FALSE
	EndGlobalSection
	GlobalSection(ExtensibilityGlobals) = postSolution
		SolutionGuid = {12DDCA79-92B0-42BC-9F61-85304468D6F4}
	EndGlobalSection
EndGlobal
