
Microsoft Visual Studio Solution File, Format Version 12.00
# Visual Studio 15
VisualStudioVersion = 15.0.27130.2010
MinimumVisualStudioVersion = 10.0.40219.1
Project("{FAE04EC0-301F-11D3-BF4B-00C04F79EFBC}") = "ConsoleApp1", "ConsoleApp1\ConsoleApp1.csproj", "{99D26672-A00C-4095-BB34-EA946D7166F4}"
EndProject
Project("{FAE04EC0-301F-11D3-BF4B-00C04F79EFBC}") = "testing", "testing\testing.csproj", "{1BB31A69-83C2-4B83-A191-CC8AC8B1C60F}"
EndProject
Global
	GlobalSection(SolutionConfigurationPlatforms) = preSolution
		Debug|Any CPU = Debug|Any CPU
		Release|Any CPU = Release|Any CPU
	EndGlobalSection
	GlobalSection(ProjectConfigurationPlatforms) = postSolution
		{99D26672-A00C-4095-BB34-EA946D7166F4}.Debug|Any CPU.ActiveCfg = Debug|Any CPU
		{99D26672-A00C-4095-BB34-EA946D7166F4}.Debug|Any CPU.Build.0 = Debug|Any CPU
		{99D26672-A00C-4095-BB34-EA946D7166F4}.Release|Any CPU.ActiveCfg = Release|Any CPU
		{99D26672-A00C-4095-BB34-EA946D7166F4}.Release|Any CPU.Build.0 = Release|Any CPU
		{1BB31A69-83C2-4B83-A191-CC8AC8B1C60F}.Debug|Any CPU.ActiveCfg = Debug|Any CPU
		{1BB31A69-83C2-4B83-A191-CC8AC8B1C60F}.Debug|Any CPU.Build.0 = Debug|Any CPU
		{1BB31A69-83C2-4B83-A191-CC8AC8B1C60F}.Release|Any CPU.ActiveCfg = Release|Any CPU
		{1BB31A69-83C2-4B83-A191-CC8AC8B1C60F}.Release|Any CPU.Build.0 = Release|Any CPU
	EndGlobalSection
	GlobalSection(SolutionProperties) = preSolution
		HideSolutionNode = FALSE
	EndGlobalSection
	GlobalSection(ExtensibilityGlobals) = postSolution
		SolutionGuid = {402938A1-2E50-4492-8B3F-0B293DECD8DC}
	EndGlobalSection
EndGlobal
